// !$*UTF8*$!
{
	archiveVersion = 1;
	classes = {
	};
	objectVersion = 50;
	objects = {

/* Begin PBXBuildFile section */
		F1A385A22430B82900AAEE28 /* ReusableCellKind+Extension.swift in Sources */ = {isa = PBXBuildFile; fileRef = F1A3859B2430B82900AAEE28 /* ReusableCellKind+Extension.swift */; };
		F1A385A32430B82900AAEE28 /* UICollectionView+Reusable.swift in Sources */ = {isa = PBXBuildFile; fileRef = F1A3859C2430B82900AAEE28 /* UICollectionView+Reusable.swift */; };
		F1A385A42430B82900AAEE28 /* UITable+Reusable.swift in Sources */ = {isa = PBXBuildFile; fileRef = F1A3859D2430B82900AAEE28 /* UITable+Reusable.swift */; };
		F1A385A52430B82900AAEE28 /* NibLoadableView.swift in Sources */ = {isa = PBXBuildFile; fileRef = F1A3859E2430B82900AAEE28 /* NibLoadableView.swift */; };
		F1A385A62430B82900AAEE28 /* ReusableCellKind.swift in Sources */ = {isa = PBXBuildFile; fileRef = F1A3859F2430B82900AAEE28 /* ReusableCellKind.swift */; };
		F1A385A72430B82900AAEE28 /* ReusableCell.swift in Sources */ = {isa = PBXBuildFile; fileRef = F1A385A02430B82900AAEE28 /* ReusableCell.swift */; };
		F1A385A82430B82900AAEE28 /* ReusableCollectionCell.swift in Sources */ = {isa = PBXBuildFile; fileRef = F1A385A12430B82900AAEE28 /* ReusableCollectionCell.swift */; };
		F1E4A85E2275795100E8993A /* AppDelegate.swift in Sources */ = {isa = PBXBuildFile; fileRef = F1E4A85D2275795100E8993A /* AppDelegate.swift */; };
		F1E4A8602275795100E8993A /* MainVC.swift in Sources */ = {isa = PBXBuildFile; fileRef = F1E4A85F2275795100E8993A /* MainVC.swift */; };
		F1E4A8652275795500E8993A /* Assets.xcassets in Resources */ = {isa = PBXBuildFile; fileRef = F1E4A8642275795500E8993A /* Assets.xcassets */; };
		F1E4A8682275795500E8993A /* LaunchScreen.storyboard in Resources */ = {isa = PBXBuildFile; fileRef = F1E4A8662275795500E8993A /* LaunchScreen.storyboard */; };
/* End PBXBuildFile section */

/* Begin PBXCopyFilesBuildPhase section */
		F1E4A8802275796E00E8993A /* Embed Frameworks */ = {
			isa = PBXCopyFilesBuildPhase;
			buildActionMask = 2147483647;
			dstPath = "";
			dstSubfolderSpec = 10;
			files = (
			);
			name = "Embed Frameworks";
			runOnlyForDeploymentPostprocessing = 0;
		};
/* End PBXCopyFilesBuildPhase section */

/* Begin PBXFileReference section */
		F1A3859B2430B82900AAEE28 /* ReusableCellKind+Extension.swift */ = {isa = PBXFileReference; fileEncoding = 4; lastKnownFileType = sourcecode.swift; path = "ReusableCellKind+Extension.swift"; sourceTree = "<group>"; };
		F1A3859C2430B82900AAEE28 /* UICollectionView+Reusable.swift */ = {isa = PBXFileReference; fileEncoding = 4; lastKnownFileType = sourcecode.swift; path = "UICollectionView+Reusable.swift"; sourceTree = "<group>"; };
		F1A3859D2430B82900AAEE28 /* UITable+Reusable.swift */ = {isa = PBXFileReference; fileEncoding = 4; lastKnownFileType = sourcecode.swift; path = "UITable+Reusable.swift"; sourceTree = "<group>"; };
		F1A3859E2430B82900AAEE28 /* NibLoadableView.swift */ = {isa = PBXFileReference; fileEncoding = 4; lastKnownFileType = sourcecode.swift; name = NibLoadableView.swift; path = ../NibLoadableView.swift; sourceTree = "<group>"; };
		F1A3859F2430B82900AAEE28 /* ReusableCellKind.swift */ = {isa = PBXFileReference; fileEncoding = 4; lastKnownFileType = sourcecode.swift; path = ReusableCellKind.swift; sourceTree = "<group>"; };
		F1A385A02430B82900AAEE28 /* ReusableCell.swift */ = {isa = PBXFileReference; fileEncoding = 4; lastKnownFileType = sourcecode.swift; path = ReusableCell.swift; sourceTree = "<group>"; };
		F1A385A12430B82900AAEE28 /* ReusableCollectionCell.swift */ = {isa = PBXFileReference; fileEncoding = 4; lastKnownFileType = sourcecode.swift; path = ReusableCollectionCell.swift; sourceTree = "<group>"; };
		F1E4A85A2275795100E8993A /* ReusableCellExample.app */ = {isa = PBXFileReference; explicitFileType = wrapper.application; includeInIndex = 0; path = ReusableCellExample.app; sourceTree = BUILT_PRODUCTS_DIR; };
		F1E4A85D2275795100E8993A /* AppDelegate.swift */ = {isa = PBXFileReference; lastKnownFileType = sourcecode.swift; path = AppDelegate.swift; sourceTree = "<group>"; };
		F1E4A85F2275795100E8993A /* MainVC.swift */ = {isa = PBXFileReference; lastKnownFileType = sourcecode.swift; path = MainVC.swift; sourceTree = "<group>"; };
		F1E4A8642275795500E8993A /* Assets.xcassets */ = {isa = PBXFileReference; lastKnownFileType = folder.assetcatalog; path = Assets.xcassets; sourceTree = "<group>"; };
		F1E4A8672275795500E8993A /* Base */ = {isa = PBXFileReference; lastKnownFileType = file.storyboard; name = Base; path = Base.lproj/LaunchScreen.storyboard; sourceTree = "<group>"; };
		F1E4A8692275795500E8993A /* Info.plist */ = {isa = PBXFileReference; lastKnownFileType = text.plist.xml; path = Info.plist; sourceTree = "<group>"; };
		F1E4A8762275796D00E8993A /* ReusableCell_iOS.h */ = {isa = PBXFileReference; lastKnownFileType = sourcecode.c.h; path = ReusableCell_iOS.h; sourceTree = "<group>"; };
		F1E4A8772275796D00E8993A /* Info.plist */ = {isa = PBXFileReference; lastKnownFileType = text.plist.xml; path = Info.plist; sourceTree = "<group>"; };
/* End PBXFileReference section */

/* Begin PBXFrameworksBuildPhase section */
		F1E4A8572275795100E8993A /* Frameworks */ = {
			isa = PBXFrameworksBuildPhase;
			buildActionMask = 2147483647;
			files = (
			);
			runOnlyForDeploymentPostprocessing = 0;
		};
/* End PBXFrameworksBuildPhase section */

/* Begin PBXGroup section */
		F18B148F2430C56E00A55852 /* nib */ = {
			isa = PBXGroup;
			children = (
				F1A3859E2430B82900AAEE28 /* NibLoadableView.swift */,
			);
			path = nib;
			sourceTree = "<group>";
		};
		F1A385992430B82900AAEE28 /* Sources */ = {
			isa = PBXGroup;
			children = (
				F1A3859A2430B82900AAEE28 /* ReusableCell */,
			);
			path = Sources;
			sourceTree = "<group>";
		};
		F1A3859A2430B82900AAEE28 /* ReusableCell */ = {
			isa = PBXGroup;
			children = (
				F1A3859B2430B82900AAEE28 /* ReusableCellKind+Extension.swift */,
				F1A3859C2430B82900AAEE28 /* UICollectionView+Reusable.swift */,
				F1A3859D2430B82900AAEE28 /* UITable+Reusable.swift */,
				F18B148F2430C56E00A55852 /* nib */,
				F1A3859F2430B82900AAEE28 /* ReusableCellKind.swift */,
				F1A385A02430B82900AAEE28 /* ReusableCell.swift */,
				F1A385A12430B82900AAEE28 /* ReusableCollectionCell.swift */,
			);
			path = ReusableCell;
			sourceTree = "<group>";
		};
		F1E4A8512275795100E8993A = {
			isa = PBXGroup;
			children = (
				F1A385992430B82900AAEE28 /* Sources */,
				F1E4A85C2275795100E8993A /* ReusableCellExample */,
				F1E4A8752275796D00E8993A /* ReusableCell-iOS */,
				F1E4A85B2275795100E8993A /* Products */,
			);
			sourceTree = "<group>";
		};
		F1E4A85B2275795100E8993A /* Products */ = {
			isa = PBXGroup;
			children = (
				F1E4A85A2275795100E8993A /* ReusableCellExample.app */,
			);
			name = Products;
			sourceTree = "<group>";
		};
		F1E4A85C2275795100E8993A /* ReusableCellExample */ = {
			isa = PBXGroup;
			children = (
				F1E4A85D2275795100E8993A /* AppDelegate.swift */,
				F1E4A85F2275795100E8993A /* MainVC.swift */,
				F1E4A8642275795500E8993A /* Assets.xcassets */,
				F1E4A8662275795500E8993A /* LaunchScreen.storyboard */,
				F1E4A8692275795500E8993A /* Info.plist */,
			);
			path = ReusableCellExample;
			sourceTree = "<group>";
		};
		F1E4A8752275796D00E8993A /* ReusableCell-iOS */ = {
			isa = PBXGroup;
			children = (
				F1E4A8762275796D00E8993A /* ReusableCell_iOS.h */,
				F1E4A8772275796D00E8993A /* Info.plist */,
			);
			path = "ReusableCell-iOS";
			sourceTree = "<group>";
		};
/* End PBXGroup section */

/* Begin PBXNativeTarget section */
		F1E4A8592275795100E8993A /* ReusableCellExample */ = {
			isa = PBXNativeTarget;
			buildConfigurationList = F1E4A86C2275795500E8993A /* Build configuration list for PBXNativeTarget "ReusableCellExample" */;
			buildPhases = (
				F1E4A8562275795100E8993A /* Sources */,
				F1E4A8572275795100E8993A /* Frameworks */,
				F1E4A8582275795100E8993A /* Resources */,
				F1E4A8802275796E00E8993A /* Embed Frameworks */,
				F1E4A88A22757B8A00E8993A /* ShellScript */,
			);
			buildRules = (
			);
			dependencies = (
			);
			name = ReusableCellExample;
			productName = ReusableCellExample;
			productReference = F1E4A85A2275795100E8993A /* ReusableCellExample.app */;
			productType = "com.apple.product-type.application";
		};
/* End PBXNativeTarget section */

/* Begin PBXProject section */
		F1E4A8522275795100E8993A /* Project object */ = {
			isa = PBXProject;
			attributes = {
				LastSwiftUpdateCheck = 1020;
				LastUpgradeCheck = 1020;
				ORGANIZATIONNAME = FutureLab;
				TargetAttributes = {
					F1E4A8592275795100E8993A = {
						CreatedOnToolsVersion = 10.2;
					};
				};
			};
			buildConfigurationList = F1E4A8552275795100E8993A /* Build configuration list for PBXProject "ReusableCellExample" */;
			compatibilityVersion = "Xcode 9.3";
			developmentRegion = en;
			hasScannedForEncodings = 0;
			knownRegions = (
				en,
				Base,
			);
			mainGroup = F1E4A8512275795100E8993A;
			productRefGroup = F1E4A85B2275795100E8993A /* Products */;
			projectDirPath = "";
			projectRoot = "";
			targets = (
				F1E4A8592275795100E8993A /* ReusableCellExample */,
			);
		};
/* End PBXProject section */

/* Begin PBXResourcesBuildPhase section */
		F1E4A8582275795100E8993A /* Resources */ = {
			isa = PBXResourcesBuildPhase;
			buildActionMask = 2147483647;
			files = (
				F1E4A8682275795500E8993A /* LaunchScreen.storyboard in Resources */,
				F1E4A8652275795500E8993A /* Assets.xcassets in Resources */,
			);
			runOnlyForDeploymentPostprocessing = 0;
		};
/* End PBXResourcesBuildPhase section */

/* Begin PBXShellScriptBuildPhase section */
		F1E4A88A22757B8A00E8993A /* ShellScript */ = {
			isa = PBXShellScriptBuildPhase;
			buildActionMask = 2147483647;
			files = (
			);
			inputFileListPaths = (
			);
			inputPaths = (
			);
			outputFileListPaths = (
			);
			outputPaths = (
			);
			runOnlyForDeploymentPostprocessing = 0;
			shellPath = /bin/sh;
			shellScript = "if which swiftlint >/dev/null; then\nswiftlint\nelse\necho \"warning: SwiftLint not installed, download from https://github.com/realm/SwiftLint\"\nfi\n";
		};
/* End PBXShellScriptBuildPhase section */

/* Begin PBXSourcesBuildPhase section */
		F1E4A8562275795100E8993A /* Sources */ = {
			isa = PBXSourcesBuildPhase;
			buildActionMask = 2147483647;
			files = (
				F1A385A72430B82900AAEE28 /* ReusableCell.swift in Sources */,
				F1A385A82430B82900AAEE28 /* ReusableCollectionCell.swift in Sources */,
				F1A385A52430B82900AAEE28 /* NibLoadableView.swift in Sources */,
				F1E4A8602275795100E8993A /* MainVC.swift in Sources */,
				F1A385A62430B82900AAEE28 /* ReusableCellKind.swift in Sources */,
				F1A385A32430B82900AAEE28 /* UICollectionView+Reusable.swift in Sources */,
				F1E4A85E2275795100E8993A /* AppDelegate.swift in Sources */,
				F1A385A22430B82900AAEE28 /* ReusableCellKind+Extension.swift in Sources */,
				F1A385A42430B82900AAEE28 /* UITable+Reusable.swift in Sources */,
			);
			runOnlyForDeploymentPostprocessing = 0;
		};
/* End PBXSourcesBuildPhase section */

/* Begin PBXVariantGroup section */
		F1E4A8662275795500E8993A /* LaunchScreen.storyboard */ = {
			isa = PBXVariantGroup;
			children = (
				F1E4A8672275795500E8993A /* Base */,
			);
			name = LaunchScreen.storyboard;
			sourceTree = "<group>";
		};
/* End PBXVariantGroup section */

/* Begin XCBuildConfiguration section */
		F1E4A86A2275795500E8993A /* Debug */ = {
			isa = XCBuildConfiguration;
			buildSettings = {
				ALWAYS_SEARCH_USER_PATHS = NO;
				CLANG_ANALYZER_NONNULL = YES;
				CLANG_ANALYZER_NUMBER_OBJECT_CONVERSION = YES_AGGRESSIVE;
				CLANG_CXX_LANGUAGE_STANDARD = "gnu++14";
				CLANG_CXX_LIBRARY = "libc++";
				CLANG_ENABLE_MODULES = YES;
				CLANG_ENABLE_OBJC_ARC = YES;
				CLANG_ENABLE_OBJC_WEAK = YES;
				CLANG_WARN_BLOCK_CAPTURE_AUTORELEASING = YES;
				CLANG_WARN_BOOL_CONVERSION = YES;
				CLANG_WARN_COMMA = YES;
				CLANG_WARN_CONSTANT_CONVERSION = YES;
				CLANG_WARN_DEPRECATED_OBJC_IMPLEMENTATIONS = YES;
				CLANG_WARN_DIRECT_OBJC_ISA_USAGE = YES_ERROR;
				CLANG_WARN_DOCUMENTATION_COMMENTS = YES;
				CLANG_WARN_EMPTY_BODY = YES;
				CLANG_WARN_ENUM_CONVERSION = YES;
				CLANG_WARN_INFINITE_RECURSION = YES;
				CLANG_WARN_INT_CONVERSION = YES;
				CLANG_WARN_NON_LITERAL_NULL_CONVERSION = YES;
				CLANG_WARN_OBJC_IMPLICIT_RETAIN_SELF = YES;
				CLANG_WARN_OBJC_LITERAL_CONVERSION = YES;
				CLANG_WARN_OBJC_ROOT_CLASS = YES_ERROR;
				CLANG_WARN_RANGE_LOOP_ANALYSIS = YES;
				CLANG_WARN_STRICT_PROTOTYPES = YES;
				CLANG_WARN_SUSPICIOUS_MOVE = YES;
				CLANG_WARN_UNGUARDED_AVAILABILITY = YES_AGGRESSIVE;
				CLANG_WARN_UNREACHABLE_CODE = YES;
				CLANG_WARN__DUPLICATE_METHOD_MATCH = YES;
				CODE_SIGN_IDENTITY = "iPhone Developer";
				COPY_PHASE_STRIP = NO;
				DEBUG_INFORMATION_FORMAT = dwarf;
				ENABLE_STRICT_OBJC_MSGSEND = YES;
				ENABLE_TESTABILITY = YES;
				GCC_C_LANGUAGE_STANDARD = gnu11;
				GCC_DYNAMIC_NO_PIC = NO;
				GCC_NO_COMMON_BLOCKS = YES;
				GCC_OPTIMIZATION_LEVEL = 0;
				GCC_PREPROCESSOR_DEFINITIONS = (
					"DEBUG=1",
					"$(inherited)",
				);
				GCC_WARN_64_TO_32_BIT_CONVERSION = YES;
				GCC_WARN_ABOUT_RETURN_TYPE = YES_ERROR;
				GCC_WARN_UNDECLARED_SELECTOR = YES;
				GCC_WARN_UNINITIALIZED_AUTOS = YES_AGGRESSIVE;
				GCC_WARN_UNUSED_FUNCTION = YES;
				GCC_WARN_UNUSED_VARIABLE = YES;
				IPHONEOS_DEPLOYMENT_TARGET = 12.2;
				MTL_ENABLE_DEBUG_INFO = INCLUDE_SOURCE;
				MTL_FAST_MATH = YES;
				ONLY_ACTIVE_ARCH = YES;
				SDKROOT = iphoneos;
				SWIFT_ACTIVE_COMPILATION_CONDITIONS = DEBUG;
				SWIFT_OPTIMIZATION_LEVEL = "-Onone";
			};
			name = Debug;
		};
		F1E4A86B2275795500E8993A /* Release */ = {
			isa = XCBuildConfiguration;
			buildSettings = {
				ALWAYS_SEARCH_USER_PATHS = NO;
				CLANG_ANALYZER_NONNULL = YES;
				CLANG_ANALYZER_NUMBER_OBJECT_CONVERSION = YES_AGGRESSIVE;
				CLANG_CXX_LANGUAGE_STANDARD = "gnu++14";
				CLANG_CXX_LIBRARY = "libc++";
				CLANG_ENABLE_MODULES = YES;
				CLANG_ENABLE_OBJC_ARC = YES;
				CLANG_ENABLE_OBJC_WEAK = YES;
				CLANG_WARN_BLOCK_CAPTURE_AUTORELEASING = YES;
				CLANG_WARN_BOOL_CONVERSION = YES;
				CLANG_WARN_COMMA = YES;
				CLANG_WARN_CONSTANT_CONVERSION = YES;
				CLANG_WARN_DEPRECATED_OBJC_IMPLEMENTATIONS = YES;
				CLANG_WARN_DIRECT_OBJC_ISA_USAGE = YES_ERROR;
				CLANG_WARN_DOCUMENTATION_COMMENTS = YES;
				CLANG_WARN_EMPTY_BODY = YES;
				CLANG_WARN_ENUM_CONVERSION = YES;
				CLANG_WARN_INFINITE_RECURSION = YES;
				CLANG_WARN_INT_CONVERSION = YES;
				CLANG_WARN_NON_LITERAL_NULL_CONVERSION = YES;
				CLANG_WARN_OBJC_IMPLICIT_RETAIN_SELF = YES;
				CLANG_WARN_OBJC_LITERAL_CONVERSION = YES;
				CLANG_WARN_OBJC_ROOT_CLASS = YES_ERROR;
				CLANG_WARN_RANGE_LOOP_ANALYSIS = YES;
				CLANG_WARN_STRICT_PROTOTYPES = YES;
				CLANG_WARN_SUSPICIOUS_MOVE = YES;
				CLANG_WARN_UNGUARDED_AVAILABILITY = YES_AGGRESSIVE;
				CLANG_WARN_UNREACHABLE_CODE = YES;
				CLANG_WARN__DUPLICATE_METHOD_MATCH = YES;
				CODE_SIGN_IDENTITY = "iPhone Developer";
				COPY_PHASE_STRIP = NO;
				DEBUG_INFORMATION_FORMAT = "dwarf-with-dsym";
				ENABLE_NS_ASSERTIONS = NO;
				ENABLE_STRICT_OBJC_MSGSEND = YES;
				GCC_C_LANGUAGE_STANDARD = gnu11;
				GCC_NO_COMMON_BLOCKS = YES;
				GCC_WARN_64_TO_32_BIT_CONVERSION = YES;
				GCC_WARN_ABOUT_RETURN_TYPE = YES_ERROR;
				GCC_WARN_UNDECLARED_SELECTOR = YES;
				GCC_WARN_UNINITIALIZED_AUTOS = YES_AGGRESSIVE;
				GCC_WARN_UNUSED_FUNCTION = YES;
				GCC_WARN_UNUSED_VARIABLE = YES;
				IPHONEOS_DEPLOYMENT_TARGET = 12.2;
				MTL_ENABLE_DEBUG_INFO = NO;
				MTL_FAST_MATH = YES;
				SDKROOT = iphoneos;
				SWIFT_COMPILATION_MODE = wholemodule;
				SWIFT_OPTIMIZATION_LEVEL = "-O";
				VALIDATE_PRODUCT = YES;
			};
			name = Release;
		};
		F1E4A86D2275795500E8993A /* Debug */ = {
			isa = XCBuildConfiguration;
			buildSettings = {
				ASSETCATALOG_COMPILER_APPICON_NAME = AppIcon;
				CODE_SIGN_STYLE = Automatic;
				INFOPLIST_FILE = ReusableCellExample/Info.plist;
				LD_RUNPATH_SEARCH_PATHS = (
					"$(inherited)",
					"@executable_path/Frameworks",
				);
				PRODUCT_BUNDLE_IDENTIFIER = io.github.futurelab.ReusableCellExample;
				PRODUCT_NAME = "$(TARGET_NAME)";
				SWIFT_VERSION = 5.0;
				TARGETED_DEVICE_FAMILY = "1,2";
			};
			name = Debug;
		};
		F1E4A86E2275795500E8993A /* Release */ = {
			isa = XCBuildConfiguration;
			buildSettings = {
				ASSETCATALOG_COMPILER_APPICON_NAME = AppIcon;
				CODE_SIGN_STYLE = Automatic;
				INFOPLIST_FILE = ReusableCellExample/Info.plist;
				LD_RUNPATH_SEARCH_PATHS = (
					"$(inherited)",
					"@executable_path/Frameworks",
				);
				PRODUCT_BUNDLE_IDENTIFIER = io.github.futurelab.ReusableCellExample;
				PRODUCT_NAME = "$(TARGET_NAME)";
				SWIFT_VERSION = 5.0;
				TARGETED_DEVICE_FAMILY = "1,2";
			};
			name = Release;
		};
/* End XCBuildConfiguration section */

/* Begin XCConfigurationList section */
		F1E4A8552275795100E8993A /* Build configuration list for PBXProject "ReusableCellExample" */ = {
			isa = XCConfigurationList;
			buildConfigurations = (
				F1E4A86A2275795500E8993A /* Debug */,
				F1E4A86B2275795500E8993A /* Release */,
			);
			defaultConfigurationIsVisible = 0;
			defaultConfigurationName = Release;
		};
		F1E4A86C2275795500E8993A /* Build configuration list for PBXNativeTarget "ReusableCellExample" */ = {
			isa = XCConfigurationList;
			buildConfigurations = (
				F1E4A86D2275795500E8993A /* Debug */,
				F1E4A86E2275795500E8993A /* Release */,
			);
			defaultConfigurationIsVisible = 0;
			defaultConfigurationName = Release;
		};
/* End XCConfigurationList section */
	};
	rootObject = F1E4A8522275795100E8993A /* Project object */;
}
